
Microsoft Visual Studio Solution File, Format Version 12.00
# Visual Studio Version 16
VisualStudioVersion = 16.0.30717.126
MinimumVisualStudioVersion = 10.0.40219.1
Project("{9A19103F-16F7-4668-BE54-9A1E7A4F7556}") = "Day01", "Day1\Day01.csproj", "{89F99971-53EF-40B8-8570-79834A8DE0F8}"
EndProject
Project("{9A19103F-16F7-4668-BE54-9A1E7A4F7556}") = "Day02", "Day2\Day02.csproj", "{C99B1A65-932F-44A8-B82C-B7D959D4BC03}"
EndProject
Project("{9A19103F-16F7-4668-BE54-9A1E7A4F7556}") = "Day03", "Day3\Day03.csproj", "{A60C2981-6EF2-457B-9C18-528084D49504}"
EndProject
Project("{9A19103F-16F7-4668-BE54-9A1E7A4F7556}") = "Day04", "Day4\Day04.csproj", "{5F19D1EF-0A79-49DB-996E-E0DE7FC37876}"
EndProject
Project("{9A19103F-16F7-4668-BE54-9A1E7A4F7556}") = "Day05", "Day5\Day05.csproj", "{8C4D8468-43B7-48A0-948E-3F4671DE9FDE}"
EndProject
Project("{9A19103F-16F7-4668-BE54-9A1E7A4F7556}") = "Day06", "Day6\Day06.csproj", "{B38C899B-BBD0-4F2D-A99A-C5B08C45A9B6}"
EndProject
Project("{9A19103F-16F7-4668-BE54-9A1E7A4F7556}") = "Day07", "Day7\Day07.csproj", "{0B76D8BB-2253-4C6C-9DB6-BE67EE5686C1}"
EndProject
Project("{9A19103F-16F7-4668-BE54-9A1E7A4F7556}") = "Day08", "Day8\Day08.csproj", "{24D3574D-9504-404B-B851-EEE00B3EFF82}"
EndProject
Project("{9A19103F-16F7-4668-BE54-9A1E7A4F7556}") = "Day09", "Day9\Day09.csproj", "{9ECD2531-7FE2-48CB-8F6C-8BE2CBDBB977}"
EndProject
Project("{9A19103F-16F7-4668-BE54-9A1E7A4F7556}") = "Day10", "Day10\Day10.csproj", "{F10A5F07-4497-449F-87F7-6A6CEFF16EC6}"
EndProject
Project("{FAE04EC0-301F-11D3-BF4B-00C04F79EFBC}") = "Day11", "Day11\Day11.csproj", "{B4992DC3-43A2-4DA0-81CA-71D820F7CD27}"
EndProject
Global
	GlobalSection(SolutionConfigurationPlatforms) = preSolution
		Debug|Any CPU = Debug|Any CPU
		Release|Any CPU = Release|Any CPU
	EndGlobalSection
	GlobalSection(ProjectConfigurationPlatforms) = postSolution
		{89F99971-53EF-40B8-8570-79834A8DE0F8}.Debug|Any CPU.ActiveCfg = Debug|Any CPU
		{89F99971-53EF-40B8-8570-79834A8DE0F8}.Debug|Any CPU.Build.0 = Debug|Any CPU
		{89F99971-53EF-40B8-8570-79834A8DE0F8}.Release|Any CPU.ActiveCfg = Release|Any CPU
		{89F99971-53EF-40B8-8570-79834A8DE0F8}.Release|Any CPU.Build.0 = Release|Any CPU
		{C99B1A65-932F-44A8-B82C-B7D959D4BC03}.Debug|Any CPU.ActiveCfg = Debug|Any CPU
		{C99B1A65-932F-44A8-B82C-B7D959D4BC03}.Debug|Any CPU.Build.0 = Debug|Any CPU
		{C99B1A65-932F-44A8-B82C-B7D959D4BC03}.Release|Any CPU.ActiveCfg = Release|Any CPU
		{C99B1A65-932F-44A8-B82C-B7D959D4BC03}.Release|Any CPU.Build.0 = Release|Any CPU
		{A60C2981-6EF2-457B-9C18-528084D49504}.Debug|Any CPU.ActiveCfg = Debug|Any CPU
		{A60C2981-6EF2-457B-9C18-528084D49504}.Debug|Any CPU.Build.0 = Debug|Any CPU
		{A60C2981-6EF2-457B-9C18-528084D49504}.Release|Any CPU.ActiveCfg = Release|Any CPU
		{A60C2981-6EF2-457B-9C18-528084D49504}.Release|Any CPU.Build.0 = Release|Any CPU
		{5F19D1EF-0A79-49DB-996E-E0DE7FC37876}.Debug|Any CPU.ActiveCfg = Debug|Any CPU
		{5F19D1EF-0A79-49DB-996E-E0DE7FC37876}.Debug|Any CPU.Build.0 = Debug|Any CPU
		{5F19D1EF-0A79-49DB-996E-E0DE7FC37876}.Release|Any CPU.ActiveCfg = Release|Any CPU
		{5F19D1EF-0A79-49DB-996E-E0DE7FC37876}.Release|Any CPU.Build.0 = Release|Any CPU
		{8C4D8468-43B7-48A0-948E-3F4671DE9FDE}.Debug|Any CPU.ActiveCfg = Debug|Any CPU
		{8C4D8468-43B7-48A0-948E-3F4671DE9FDE}.Debug|Any CPU.Build.0 = Debug|Any CPU
		{8C4D8468-43B7-48A0-948E-3F4671DE9FDE}.Release|Any CPU.ActiveCfg = Release|Any CPU
		{8C4D8468-43B7-48A0-948E-3F4671DE9FDE}.Release|Any CPU.Build.0 = Release|Any CPU
		{B38C899B-BBD0-4F2D-A99A-C5B08C45A9B6}.Debug|Any CPU.ActiveCfg = Debug|Any CPU
		{B38C899B-BBD0-4F2D-A99A-C5B08C45A9B6}.Debug|Any CPU.Build.0 = Debug|Any CPU
		{B38C899B-BBD0-4F2D-A99A-C5B08C45A9B6}.Release|Any CPU.ActiveCfg = Release|Any CPU
		{B38C899B-BBD0-4F2D-A99A-C5B08C45A9B6}.Release|Any CPU.Build.0 = Release|Any CPU
		{0B76D8BB-2253-4C6C-9DB6-BE67EE5686C1}.Debug|Any CPU.ActiveCfg = Debug|Any CPU
		{0B76D8BB-2253-4C6C-9DB6-BE67EE5686C1}.Debug|Any CPU.Build.0 = Debug|Any CPU
		{0B76D8BB-2253-4C6C-9DB6-BE67EE5686C1}.Release|Any CPU.ActiveCfg = Release|Any CPU
		{0B76D8BB-2253-4C6C-9DB6-BE67EE5686C1}.Release|Any CPU.Build.0 = Release|Any CPU
		{24D3574D-9504-404B-B851-EEE00B3EFF82}.Debug|Any CPU.ActiveCfg = Debug|Any CPU
		{24D3574D-9504-404B-B851-EEE00B3EFF82}.Debug|Any CPU.Build.0 = Debug|Any CPU
		{24D3574D-9504-404B-B851-EEE00B3EFF82}.Release|Any CPU.ActiveCfg = Release|Any CPU
		{24D3574D-9504-404B-B851-EEE00B3EFF82}.Release|Any CPU.Build.0 = Release|Any CPU
		{9ECD2531-7FE2-48CB-8F6C-8BE2CBDBB977}.Debug|Any CPU.ActiveCfg = Debug|Any CPU
		{9ECD2531-7FE2-48CB-8F6C-8BE2CBDBB977}.Debug|Any CPU.Build.0 = Debug|Any CPU
		{9ECD2531-7FE2-48CB-8F6C-8BE2CBDBB977}.Release|Any CPU.ActiveCfg = Release|Any CPU
		{9ECD2531-7FE2-48CB-8F6C-8BE2CBDBB977}.Release|Any CPU.Build.0 = Release|Any CPU
		{F10A5F07-4497-449F-87F7-6A6CEFF16EC6}.Debug|Any CPU.ActiveCfg = Debug|Any CPU
		{F10A5F07-4497-449F-87F7-6A6CEFF16EC6}.Debug|Any CPU.Build.0 = Debug|Any CPU
		{F10A5F07-4497-449F-87F7-6A6CEFF16EC6}.Release|Any CPU.ActiveCfg = Release|Any CPU
		{F10A5F07-4497-449F-87F7-6A6CEFF16EC6}.Release|Any CPU.Build.0 = Release|Any CPU
		{B4992DC3-43A2-4DA0-81CA-71D820F7CD27}.Debug|Any CPU.ActiveCfg = Debug|Any CPU
		{B4992DC3-43A2-4DA0-81CA-71D820F7CD27}.Debug|Any CPU.Build.0 = Debug|Any CPU
		{B4992DC3-43A2-4DA0-81CA-71D820F7CD27}.Release|Any CPU.ActiveCfg = Release|Any CPU
		{B4992DC3-43A2-4DA0-81CA-71D820F7CD27}.Release|Any CPU.Build.0 = Release|Any CPU
	EndGlobalSection
	GlobalSection(SolutionProperties) = preSolution
		HideSolutionNode = FALSE
	EndGlobalSection
	GlobalSection(ExtensibilityGlobals) = postSolution
		SolutionGuid = {75A6113C-F97E-4E13-A340-F4BE905053A5}
	EndGlobalSection
EndGlobal
